// !$*UTF8*$!
{
	archiveVersion = 1;
	classes = {
	};
	objectVersion = 56;
	objects = {

/* Begin PBXBuildFile section */
		69FCBA9EFF386F9C558710A4 /* Pods_UIKitToDoApp.framework in Frameworks */ = {isa = PBXBuildFile; fileRef = DA48BCD5F7495F0B524BA806 /* Pods_UIKitToDoApp.framework */; };
		A2F1A0D53A25A253E7D4C8B9 /* Pods_UIKitToDoApp_UIKitToDoAppUITests.framework in Frameworks */ = {isa = PBXBuildFile; fileRef = 55835701196D73B19FEC6215 /* Pods_UIKitToDoApp_UIKitToDoAppUITests.framework */; };
		ACFE1AEF2B7BF701006CD597 /* AppDelegate.swift in Sources */ = {isa = PBXBuildFile; fileRef = ACFE1AEE2B7BF701006CD597 /* AppDelegate.swift */; };
		ACFE1AF12B7BF701006CD597 /* SceneDelegate.swift in Sources */ = {isa = PBXBuildFile; fileRef = ACFE1AF02B7BF701006CD597 /* SceneDelegate.swift */; };
		ACFE1AF32B7BF701006CD597 /* ViewController.swift in Sources */ = {isa = PBXBuildFile; fileRef = ACFE1AF22B7BF701006CD597 /* ViewController.swift */; };
		ACFE1AF62B7BF701006CD597 /* Main.storyboard in Resources */ = {isa = PBXBuildFile; fileRef = ACFE1AF42B7BF701006CD597 /* Main.storyboard */; };
		ACFE1AF92B7BF701006CD597 /* UIKitToDoApp.xcdatamodeld in Sources */ = {isa = PBXBuildFile; fileRef = ACFE1AF72B7BF701006CD597 /* UIKitToDoApp.xcdatamodeld */; };
		ACFE1AFB2B7BF705006CD597 /* Assets.xcassets in Resources */ = {isa = PBXBuildFile; fileRef = ACFE1AFA2B7BF705006CD597 /* Assets.xcassets */; };
		ACFE1AFE2B7BF705006CD597 /* LaunchScreen.storyboard in Resources */ = {isa = PBXBuildFile; fileRef = ACFE1AFC2B7BF705006CD597 /* LaunchScreen.storyboard */; };
		ACFE1B092B7BF705006CD597 /* UIKitToDoAppTests.swift in Sources */ = {isa = PBXBuildFile; fileRef = ACFE1B082B7BF705006CD597 /* UIKitToDoAppTests.swift */; };
		ACFE1B132B7BF705006CD597 /* UIKitToDoAppUITests.swift in Sources */ = {isa = PBXBuildFile; fileRef = ACFE1B122B7BF705006CD597 /* UIKitToDoAppUITests.swift */; };
		ACFE1B152B7BF705006CD597 /* UIKitToDoAppUITestsLaunchTests.swift in Sources */ = {isa = PBXBuildFile; fileRef = ACFE1B142B7BF705006CD597 /* UIKitToDoAppUITestsLaunchTests.swift */; };
		ACFE1B222B7CB6BB006CD597 /* GoogleService-Info.plist in Resources */ = {isa = PBXBuildFile; fileRef = ACFE1B212B7CB6BB006CD597 /* GoogleService-Info.plist */; };
		ACFE1B232B7CB6BB006CD597 /* GoogleService-Info.plist in Resources */ = {isa = PBXBuildFile; fileRef = ACFE1B212B7CB6BB006CD597 /* GoogleService-Info.plist */; };
		ACFE1B242B7CB6BB006CD597 /* GoogleService-Info.plist in Resources */ = {isa = PBXBuildFile; fileRef = ACFE1B212B7CB6BB006CD597 /* GoogleService-Info.plist */; };
		ACFE1B282B7CC9FA006CD597 /* ToDoCell.swift in Sources */ = {isa = PBXBuildFile; fileRef = ACFE1B272B7CC9FA006CD597 /* ToDoCell.swift */; };
		ACFE1B292B7CC9FA006CD597 /* ToDoCell.swift in Sources */ = {isa = PBXBuildFile; fileRef = ACFE1B272B7CC9FA006CD597 /* ToDoCell.swift */; };
		ACFE1B2A2B7CC9FA006CD597 /* ToDoCell.swift in Sources */ = {isa = PBXBuildFile; fileRef = ACFE1B272B7CC9FA006CD597 /* ToDoCell.swift */; };
		ACFE1B302B7CF697006CD597 /* Extensions.swift in Sources */ = {isa = PBXBuildFile; fileRef = ACFE1B2F2B7CF697006CD597 /* Extensions.swift */; };
		ACFE1B312B7CF697006CD597 /* Extensions.swift in Sources */ = {isa = PBXBuildFile; fileRef = ACFE1B2F2B7CF697006CD597 /* Extensions.swift */; };
		ACFE1B322B7CF697006CD597 /* Extensions.swift in Sources */ = {isa = PBXBuildFile; fileRef = ACFE1B2F2B7CF697006CD597 /* Extensions.swift */; };
		ACFE1B342B7D04F0006CD597 /* CreateToDoController.swift in Sources */ = {isa = PBXBuildFile; fileRef = ACFE1B332B7D04F0006CD597 /* CreateToDoController.swift */; };
		ACFE1B352B7D04F0006CD597 /* CreateToDoController.swift in Sources */ = {isa = PBXBuildFile; fileRef = ACFE1B332B7D04F0006CD597 /* CreateToDoController.swift */; };
		ACFE1B362B7D04F0006CD597 /* CreateToDoController.swift in Sources */ = {isa = PBXBuildFile; fileRef = ACFE1B332B7D04F0006CD597 /* CreateToDoController.swift */; };
		ACFE1B392B7DF666006CD597 /* PostService.swift in Sources */ = {isa = PBXBuildFile; fileRef = ACFE1B382B7DF666006CD597 /* PostService.swift */; };
		ACFE1B3A2B7DF666006CD597 /* PostService.swift in Sources */ = {isa = PBXBuildFile; fileRef = ACFE1B382B7DF666006CD597 /* PostService.swift */; };
		ACFE1B3B2B7DF666006CD597 /* PostService.swift in Sources */ = {isa = PBXBuildFile; fileRef = ACFE1B382B7DF666006CD597 /* PostService.swift */; };
		BB4BDDC8D24B81105169BFBB /* Pods_UIKitToDoAppTests.framework in Frameworks */ = {isa = PBXBuildFile; fileRef = 03609FA8678E8EB00ED1BE34 /* Pods_UIKitToDoAppTests.framework */; };
/* End PBXBuildFile section */

/* Begin PBXContainerItemProxy section */
		ACFE1B052B7BF705006CD597 /* PBXContainerItemProxy */ = {
			isa = PBXContainerItemProxy;
			containerPortal = ACFE1AE32B7BF700006CD597 /* Project object */;
			proxyType = 1;
			remoteGlobalIDString = ACFE1AEA2B7BF700006CD597;
			remoteInfo = UIKitToDoApp;
		};
		ACFE1B0F2B7BF705006CD597 /* PBXContainerItemProxy */ = {
			isa = PBXContainerItemProxy;
			containerPortal = ACFE1AE32B7BF700006CD597 /* Project object */;
			proxyType = 1;
			remoteGlobalIDString = ACFE1AEA2B7BF700006CD597;
			remoteInfo = UIKitToDoApp;
		};
/* End PBXContainerItemProxy section */

/* Begin PBXFileReference section */
		03609FA8678E8EB00ED1BE34 /* Pods_UIKitToDoAppTests.framework */ = {isa = PBXFileReference; explicitFileType = wrapper.framework; includeInIndex = 0; path = Pods_UIKitToDoAppTests.framework; sourceTree = BUILT_PRODUCTS_DIR; };
		20DCDDFAB1BD0B4F21467BF4 /* Pods-UIKitToDoApp-UIKitToDoAppUITests.debug.xcconfig */ = {isa = PBXFileReference; includeInIndex = 1; lastKnownFileType = text.xcconfig; name = "Pods-UIKitToDoApp-UIKitToDoAppUITests.debug.xcconfig"; path = "Target Support Files/Pods-UIKitToDoApp-UIKitToDoAppUITests/Pods-UIKitToDoApp-UIKitToDoAppUITests.debug.xcconfig"; sourceTree = "<group>"; };
		55835701196D73B19FEC6215 /* Pods_UIKitToDoApp_UIKitToDoAppUITests.framework */ = {isa = PBXFileReference; explicitFileType = wrapper.framework; includeInIndex = 0; path = Pods_UIKitToDoApp_UIKitToDoAppUITests.framework; sourceTree = BUILT_PRODUCTS_DIR; };
		6C38D9AC6491220C8D59E5C4 /* Pods-UIKitToDoApp-UIKitToDoAppUITests.release.xcconfig */ = {isa = PBXFileReference; includeInIndex = 1; lastKnownFileType = text.xcconfig; name = "Pods-UIKitToDoApp-UIKitToDoAppUITests.release.xcconfig"; path = "Target Support Files/Pods-UIKitToDoApp-UIKitToDoAppUITests/Pods-UIKitToDoApp-UIKitToDoAppUITests.release.xcconfig"; sourceTree = "<group>"; };
		A7BCC7017ABAB68CFF0BA6B1 /* Pods-UIKitToDoAppTests.release.xcconfig */ = {isa = PBXFileReference; includeInIndex = 1; lastKnownFileType = text.xcconfig; name = "Pods-UIKitToDoAppTests.release.xcconfig"; path = "Target Support Files/Pods-UIKitToDoAppTests/Pods-UIKitToDoAppTests.release.xcconfig"; sourceTree = "<group>"; };
		A887FCF6DFD4E134541822F7 /* Pods-UIKitToDoApp.debug.xcconfig */ = {isa = PBXFileReference; includeInIndex = 1; lastKnownFileType = text.xcconfig; name = "Pods-UIKitToDoApp.debug.xcconfig"; path = "Target Support Files/Pods-UIKitToDoApp/Pods-UIKitToDoApp.debug.xcconfig"; sourceTree = "<group>"; };
		ACFE1AEB2B7BF701006CD597 /* UIKitToDoApp.app */ = {isa = PBXFileReference; explicitFileType = wrapper.application; includeInIndex = 0; path = UIKitToDoApp.app; sourceTree = BUILT_PRODUCTS_DIR; };
		ACFE1AEE2B7BF701006CD597 /* AppDelegate.swift */ = {isa = PBXFileReference; lastKnownFileType = sourcecode.swift; path = AppDelegate.swift; sourceTree = "<group>"; };
		ACFE1AF02B7BF701006CD597 /* SceneDelegate.swift */ = {isa = PBXFileReference; lastKnownFileType = sourcecode.swift; path = SceneDelegate.swift; sourceTree = "<group>"; };
		ACFE1AF22B7BF701006CD597 /* ViewController.swift */ = {isa = PBXFileReference; lastKnownFileType = sourcecode.swift; path = ViewController.swift; sourceTree = "<group>"; };
		ACFE1AF52B7BF701006CD597 /* Base */ = {isa = PBXFileReference; lastKnownFileType = file.storyboard; name = Base; path = Base.lproj/Main.storyboard; sourceTree = "<group>"; };
		ACFE1AF82B7BF701006CD597 /* UIKitToDoApp.xcdatamodel */ = {isa = PBXFileReference; lastKnownFileType = wrapper.xcdatamodel; path = UIKitToDoApp.xcdatamodel; sourceTree = "<group>"; };
		ACFE1AFA2B7BF705006CD597 /* Assets.xcassets */ = {isa = PBXFileReference; lastKnownFileType = folder.assetcatalog; path = Assets.xcassets; sourceTree = "<group>"; };
		ACFE1AFD2B7BF705006CD597 /* Base */ = {isa = PBXFileReference; lastKnownFileType = file.storyboard; name = Base; path = Base.lproj/LaunchScreen.storyboard; sourceTree = "<group>"; };
		ACFE1AFF2B7BF705006CD597 /* Info.plist */ = {isa = PBXFileReference; lastKnownFileType = text.plist.xml; path = Info.plist; sourceTree = "<group>"; };
		ACFE1B042B7BF705006CD597 /* UIKitToDoAppTests.xctest */ = {isa = PBXFileReference; explicitFileType = wrapper.cfbundle; includeInIndex = 0; path = UIKitToDoAppTests.xctest; sourceTree = BUILT_PRODUCTS_DIR; };
		ACFE1B082B7BF705006CD597 /* UIKitToDoAppTests.swift */ = {isa = PBXFileReference; lastKnownFileType = sourcecode.swift; path = UIKitToDoAppTests.swift; sourceTree = "<group>"; };
		ACFE1B0E2B7BF705006CD597 /* UIKitToDoAppUITests.xctest */ = {isa = PBXFileReference; explicitFileType = wrapper.cfbundle; includeInIndex = 0; path = UIKitToDoAppUITests.xctest; sourceTree = BUILT_PRODUCTS_DIR; };
		ACFE1B122B7BF705006CD597 /* UIKitToDoAppUITests.swift */ = {isa = PBXFileReference; lastKnownFileType = sourcecode.swift; path = UIKitToDoAppUITests.swift; sourceTree = "<group>"; };
		ACFE1B142B7BF705006CD597 /* UIKitToDoAppUITestsLaunchTests.swift */ = {isa = PBXFileReference; lastKnownFileType = sourcecode.swift; path = UIKitToDoAppUITestsLaunchTests.swift; sourceTree = "<group>"; };
		ACFE1B212B7CB6BB006CD597 /* GoogleService-Info.plist */ = {isa = PBXFileReference; fileEncoding = 4; lastKnownFileType = text.plist.xml; path = "GoogleService-Info.plist"; sourceTree = "<group>"; };
		ACFE1B272B7CC9FA006CD597 /* ToDoCell.swift */ = {isa = PBXFileReference; lastKnownFileType = sourcecode.swift; path = ToDoCell.swift; sourceTree = "<group>"; };
		ACFE1B2F2B7CF697006CD597 /* Extensions.swift */ = {isa = PBXFileReference; lastKnownFileType = sourcecode.swift; path = Extensions.swift; sourceTree = "<group>"; };
		ACFE1B332B7D04F0006CD597 /* CreateToDoController.swift */ = {isa = PBXFileReference; lastKnownFileType = sourcecode.swift; path = CreateToDoController.swift; sourceTree = "<group>"; };
		ACFE1B382B7DF666006CD597 /* PostService.swift */ = {isa = PBXFileReference; lastKnownFileType = sourcecode.swift; path = PostService.swift; sourceTree = "<group>"; };
		BAB4F0E1B94940A4BAC0AC44 /* Pods-UIKitToDoApp.release.xcconfig */ = {isa = PBXFileReference; includeInIndex = 1; lastKnownFileType = text.xcconfig; name = "Pods-UIKitToDoApp.release.xcconfig"; path = "Target Support Files/Pods-UIKitToDoApp/Pods-UIKitToDoApp.release.xcconfig"; sourceTree = "<group>"; };
		D0456BFE50EC87A4AFFA2348 /* Pods-UIKitToDoAppTests.debug.xcconfig */ = {isa = PBXFileReference; includeInIndex = 1; lastKnownFileType = text.xcconfig; name = "Pods-UIKitToDoAppTests.debug.xcconfig"; path = "Target Support Files/Pods-UIKitToDoAppTests/Pods-UIKitToDoAppTests.debug.xcconfig"; sourceTree = "<group>"; };
		DA48BCD5F7495F0B524BA806 /* Pods_UIKitToDoApp.framework */ = {isa = PBXFileReference; explicitFileType = wrapper.framework; includeInIndex = 0; path = Pods_UIKitToDoApp.framework; sourceTree = BUILT_PRODUCTS_DIR; };
/* End PBXFileReference section */

/* Begin PBXFrameworksBuildPhase section */
		ACFE1AE82B7BF700006CD597 /* Frameworks */ = {
			isa = PBXFrameworksBuildPhase;
			buildActionMask = 2147483647;
			files = (
				69FCBA9EFF386F9C558710A4 /* Pods_UIKitToDoApp.framework in Frameworks */,
			);
			runOnlyForDeploymentPostprocessing = 0;
		};
		ACFE1B012B7BF705006CD597 /* Frameworks */ = {
			isa = PBXFrameworksBuildPhase;
			buildActionMask = 2147483647;
			files = (
				BB4BDDC8D24B81105169BFBB /* Pods_UIKitToDoAppTests.framework in Frameworks */,
			);
			runOnlyForDeploymentPostprocessing = 0;
		};
		ACFE1B0B2B7BF705006CD597 /* Frameworks */ = {
			isa = PBXFrameworksBuildPhase;
			buildActionMask = 2147483647;
			files = (
				A2F1A0D53A25A253E7D4C8B9 /* Pods_UIKitToDoApp_UIKitToDoAppUITests.framework in Frameworks */,
			);
			runOnlyForDeploymentPostprocessing = 0;
		};
/* End PBXFrameworksBuildPhase section */

/* Begin PBXGroup section */
		ACFE1AE22B7BF700006CD597 = {
			isa = PBXGroup;
			children = (
				ACFE1AED2B7BF701006CD597 /* UIKitToDoApp */,
				ACFE1B072B7BF705006CD597 /* UIKitToDoAppTests */,
				ACFE1B112B7BF705006CD597 /* UIKitToDoAppUITests */,
				ACFE1AEC2B7BF701006CD597 /* Products */,
				EA0E52F43A813D1448B75797 /* Pods */,
				BA977F31D7B94FF9C0C71F78 /* Frameworks */,
			);
			sourceTree = "<group>";
		};
		ACFE1AEC2B7BF701006CD597 /* Products */ = {
			isa = PBXGroup;
			children = (
				ACFE1AEB2B7BF701006CD597 /* UIKitToDoApp.app */,
				ACFE1B042B7BF705006CD597 /* UIKitToDoAppTests.xctest */,
				ACFE1B0E2B7BF705006CD597 /* UIKitToDoAppUITests.xctest */,
			);
			name = Products;
			sourceTree = "<group>";
		};
		ACFE1AED2B7BF701006CD597 /* UIKitToDoApp */ = {
			isa = PBXGroup;
			children = (
				ACFE1B372B7DF64F006CD597 /* API */,
				ACFE1AEE2B7BF701006CD597 /* AppDelegate.swift */,
				ACFE1AF02B7BF701006CD597 /* SceneDelegate.swift */,
				ACFE1B2D2B7CD419006CD597 /* Models */,
				ACFE1B2C2B7CD3E8006CD597 /* Views */,
				ACFE1B2B2B7CD3B5006CD597 /* Controllers */,
				ACFE1B2E2B7CF669006CD597 /* Utilities */,
				ACFE1AFA2B7BF705006CD597 /* Assets.xcassets */,
				ACFE1AFC2B7BF705006CD597 /* LaunchScreen.storyboard */,
				ACFE1AFF2B7BF705006CD597 /* Info.plist */,
				ACFE1B212B7CB6BB006CD597 /* GoogleService-Info.plist */,
				ACFE1AF72B7BF701006CD597 /* UIKitToDoApp.xcdatamodeld */,
			);
			path = UIKitToDoApp;
			sourceTree = "<group>";
		};
		ACFE1B072B7BF705006CD597 /* UIKitToDoAppTests */ = {
			isa = PBXGroup;
			children = (
				ACFE1B082B7BF705006CD597 /* UIKitToDoAppTests.swift */,
			);
			path = UIKitToDoAppTests;
			sourceTree = "<group>";
		};
		ACFE1B112B7BF705006CD597 /* UIKitToDoAppUITests */ = {
			isa = PBXGroup;
			children = (
				ACFE1B122B7BF705006CD597 /* UIKitToDoAppUITests.swift */,
				ACFE1B142B7BF705006CD597 /* UIKitToDoAppUITestsLaunchTests.swift */,
			);
			path = UIKitToDoAppUITests;
			sourceTree = "<group>";
		};
		ACFE1B2B2B7CD3B5006CD597 /* Controllers */ = {
			isa = PBXGroup;
			children = (
				ACFE1AF22B7BF701006CD597 /* ViewController.swift */,
				ACFE1B332B7D04F0006CD597 /* CreateToDoController.swift */,
			);
			path = Controllers;
			sourceTree = "<group>";
		};
		ACFE1B2C2B7CD3E8006CD597 /* Views */ = {
			isa = PBXGroup;
			children = (
				ACFE1AF42B7BF701006CD597 /* Main.storyboard */,
				ACFE1B272B7CC9FA006CD597 /* ToDoCell.swift */,
			);
			path = Views;
			sourceTree = "<group>";
		};
		ACFE1B2D2B7CD419006CD597 /* Models */ = {
			isa = PBXGroup;
			children = (
			);
			path = Models;
			sourceTree = "<group>";
		};
		ACFE1B2E2B7CF669006CD597 /* Utilities */ = {
			isa = PBXGroup;
			children = (
				ACFE1B2F2B7CF697006CD597 /* Extensions.swift */,
			);
			path = Utilities;
			sourceTree = "<group>";
		};
		ACFE1B372B7DF64F006CD597 /* API */ = {
			isa = PBXGroup;
			children = (
				ACFE1B382B7DF666006CD597 /* PostService.swift */,
			);
			path = API;
			sourceTree = "<group>";
		};
		BA977F31D7B94FF9C0C71F78 /* Frameworks */ = {
			isa = PBXGroup;
			children = (
				DA48BCD5F7495F0B524BA806 /* Pods_UIKitToDoApp.framework */,
				55835701196D73B19FEC6215 /* Pods_UIKitToDoApp_UIKitToDoAppUITests.framework */,
				03609FA8678E8EB00ED1BE34 /* Pods_UIKitToDoAppTests.framework */,
			);
			name = Frameworks;
			sourceTree = "<group>";
		};
		EA0E52F43A813D1448B75797 /* Pods */ = {
			isa = PBXGroup;
			children = (
				A887FCF6DFD4E134541822F7 /* Pods-UIKitToDoApp.debug.xcconfig */,
				BAB4F0E1B94940A4BAC0AC44 /* Pods-UIKitToDoApp.release.xcconfig */,
				20DCDDFAB1BD0B4F21467BF4 /* Pods-UIKitToDoApp-UIKitToDoAppUITests.debug.xcconfig */,
				6C38D9AC6491220C8D59E5C4 /* Pods-UIKitToDoApp-UIKitToDoAppUITests.release.xcconfig */,
				D0456BFE50EC87A4AFFA2348 /* Pods-UIKitToDoAppTests.debug.xcconfig */,
				A7BCC7017ABAB68CFF0BA6B1 /* Pods-UIKitToDoAppTests.release.xcconfig */,
			);
			path = Pods;
			sourceTree = "<group>";
		};
/* End PBXGroup section */

/* Begin PBXNativeTarget section */
		ACFE1AEA2B7BF700006CD597 /* UIKitToDoApp */ = {
			isa = PBXNativeTarget;
			buildConfigurationList = ACFE1B182B7BF705006CD597 /* Build configuration list for PBXNativeTarget "UIKitToDoApp" */;
			buildPhases = (
				74277069A62CB64FBBEED607 /* [CP] Check Pods Manifest.lock */,
				ACFE1AE72B7BF700006CD597 /* Sources */,
				ACFE1AE82B7BF700006CD597 /* Frameworks */,
				ACFE1AE92B7BF700006CD597 /* Resources */,
				631382C78E9EC084E0301A81 /* [CP] Embed Pods Frameworks */,
			);
			buildRules = (
			);
			dependencies = (
			);
			name = UIKitToDoApp;
			productName = UIKitToDoApp;
			productReference = ACFE1AEB2B7BF701006CD597 /* UIKitToDoApp.app */;
			productType = "com.apple.product-type.application";
		};
		ACFE1B032B7BF705006CD597 /* UIKitToDoAppTests */ = {
			isa = PBXNativeTarget;
			buildConfigurationList = ACFE1B1B2B7BF705006CD597 /* Build configuration list for PBXNativeTarget "UIKitToDoAppTests" */;
			buildPhases = (
				1E50A9D2E72E614D1C120E3B /* [CP] Check Pods Manifest.lock */,
				ACFE1B002B7BF705006CD597 /* Sources */,
				ACFE1B012B7BF705006CD597 /* Frameworks */,
				ACFE1B022B7BF705006CD597 /* Resources */,
			);
			buildRules = (
			);
			dependencies = (
				ACFE1B062B7BF705006CD597 /* PBXTargetDependency */,
			);
			name = UIKitToDoAppTests;
			productName = UIKitToDoAppTests;
			productReference = ACFE1B042B7BF705006CD597 /* UIKitToDoAppTests.xctest */;
			productType = "com.apple.product-type.bundle.unit-test";
		};
		ACFE1B0D2B7BF705006CD597 /* UIKitToDoAppUITests */ = {
			isa = PBXNativeTarget;
			buildConfigurationList = ACFE1B1E2B7BF705006CD597 /* Build configuration list for PBXNativeTarget "UIKitToDoAppUITests" */;
			buildPhases = (
				343E1D9DCF81F7DB92D0063E /* [CP] Check Pods Manifest.lock */,
				ACFE1B0A2B7BF705006CD597 /* Sources */,
				ACFE1B0B2B7BF705006CD597 /* Frameworks */,
				ACFE1B0C2B7BF705006CD597 /* Resources */,
				D45FEB94D406917417B4AA61 /* [CP] Embed Pods Frameworks */,
			);
			buildRules = (
			);
			dependencies = (
				ACFE1B102B7BF705006CD597 /* PBXTargetDependency */,
			);
			name = UIKitToDoAppUITests;
			productName = UIKitToDoAppUITests;
			productReference = ACFE1B0E2B7BF705006CD597 /* UIKitToDoAppUITests.xctest */;
			productType = "com.apple.product-type.bundle.ui-testing";
		};
/* End PBXNativeTarget section */

/* Begin PBXProject section */
		ACFE1AE32B7BF700006CD597 /* Project object */ = {
			isa = PBXProject;
			attributes = {
				BuildIndependentTargetsInParallel = 1;
				LastSwiftUpdateCheck = 1510;
				LastUpgradeCheck = 1510;
				TargetAttributes = {
					ACFE1AEA2B7BF700006CD597 = {
						CreatedOnToolsVersion = 15.1;
					};
					ACFE1B032B7BF705006CD597 = {
						CreatedOnToolsVersion = 15.1;
						TestTargetID = ACFE1AEA2B7BF700006CD597;
					};
					ACFE1B0D2B7BF705006CD597 = {
						CreatedOnToolsVersion = 15.1;
						TestTargetID = ACFE1AEA2B7BF700006CD597;
					};
				};
			};
			buildConfigurationList = ACFE1AE62B7BF700006CD597 /* Build configuration list for PBXProject "UIKitToDoApp" */;
			compatibilityVersion = "Xcode 14.0";
			developmentRegion = en;
			hasScannedForEncodings = 0;
			knownRegions = (
				en,
				Base,
			);
			mainGroup = ACFE1AE22B7BF700006CD597;
			packageReferences = (
				ACFE1B252B7CB7AE006CD597 /* XCRemoteSwiftPackageReference "GoogleSignIn-iOS" */,
				ACFE1B262B7CB977006CD597 /* XCRemoteSwiftPackageReference "firebase-ios-sdk" */,
			);
			productRefGroup = ACFE1AEC2B7BF701006CD597 /* Products */;
			projectDirPath = "";
			projectRoot = "";
			targets = (
				ACFE1AEA2B7BF700006CD597 /* UIKitToDoApp */,
				ACFE1B032B7BF705006CD597 /* UIKitToDoAppTests */,
				ACFE1B0D2B7BF705006CD597 /* UIKitToDoAppUITests */,
			);
		};
/* End PBXProject section */

/* Begin PBXResourcesBuildPhase section */
		ACFE1AE92B7BF700006CD597 /* Resources */ = {
			isa = PBXResourcesBuildPhase;
			buildActionMask = 2147483647;
			files = (
				ACFE1AFE2B7BF705006CD597 /* LaunchScreen.storyboard in Resources */,
				ACFE1B222B7CB6BB006CD597 /* GoogleService-Info.plist in Resources */,
				ACFE1AFB2B7BF705006CD597 /* Assets.xcassets in Resources */,
				ACFE1AF62B7BF701006CD597 /* Main.storyboard in Resources */,
			);
			runOnlyForDeploymentPostprocessing = 0;
		};
		ACFE1B022B7BF705006CD597 /* Resources */ = {
			isa = PBXResourcesBuildPhase;
			buildActionMask = 2147483647;
			files = (
				ACFE1B232B7CB6BB006CD597 /* GoogleService-Info.plist in Resources */,
			);
			runOnlyForDeploymentPostprocessing = 0;
		};
		ACFE1B0C2B7BF705006CD597 /* Resources */ = {
			isa = PBXResourcesBuildPhase;
			buildActionMask = 2147483647;
			files = (
				ACFE1B242B7CB6BB006CD597 /* GoogleService-Info.plist in Resources */,
			);
			runOnlyForDeploymentPostprocessing = 0;
		};
/* End PBXResourcesBuildPhase section */

/* Begin PBXShellScriptBuildPhase section */
		1E50A9D2E72E614D1C120E3B /* [CP] Check Pods Manifest.lock */ = {
			isa = PBXShellScriptBuildPhase;
			buildActionMask = 2147483647;
			files = (
			);
			inputFileListPaths = (
			);
			inputPaths = (
				"${PODS_PODFILE_DIR_PATH}/Podfile.lock",
				"${PODS_ROOT}/Manifest.lock",
			);
			name = "[CP] Check Pods Manifest.lock";
			outputFileListPaths = (
			);
			outputPaths = (
				"$(DERIVED_FILE_DIR)/Pods-UIKitToDoAppTests-checkManifestLockResult.txt",
			);
			runOnlyForDeploymentPostprocessing = 0;
			shellPath = /bin/sh;
			shellScript = "diff \"${PODS_PODFILE_DIR_PATH}/Podfile.lock\" \"${PODS_ROOT}/Manifest.lock\" > /dev/null\nif [ $? != 0 ] ; then\n    # print error to STDERR\n    echo \"error: The sandbox is not in sync with the Podfile.lock. Run 'pod install' or update your CocoaPods installation.\" >&2\n    exit 1\nfi\n# This output is used by Xcode 'outputs' to avoid re-running this script phase.\necho \"SUCCESS\" > \"${SCRIPT_OUTPUT_FILE_0}\"\n";
			showEnvVarsInLog = 0;
		};
		343E1D9DCF81F7DB92D0063E /* [CP] Check Pods Manifest.lock */ = {
			isa = PBXShellScriptBuildPhase;
			buildActionMask = 2147483647;
			files = (
			);
			inputFileListPaths = (
			);
			inputPaths = (
				"${PODS_PODFILE_DIR_PATH}/Podfile.lock",
				"${PODS_ROOT}/Manifest.lock",
			);
			name = "[CP] Check Pods Manifest.lock";
			outputFileListPaths = (
			);
			outputPaths = (
				"$(DERIVED_FILE_DIR)/Pods-UIKitToDoApp-UIKitToDoAppUITests-checkManifestLockResult.txt",
			);
			runOnlyForDeploymentPostprocessing = 0;
			shellPath = /bin/sh;
			shellScript = "diff \"${PODS_PODFILE_DIR_PATH}/Podfile.lock\" \"${PODS_ROOT}/Manifest.lock\" > /dev/null\nif [ $? != 0 ] ; then\n    # print error to STDERR\n    echo \"error: The sandbox is not in sync with the Podfile.lock. Run 'pod install' or update your CocoaPods installation.\" >&2\n    exit 1\nfi\n# This output is used by Xcode 'outputs' to avoid re-running this script phase.\necho \"SUCCESS\" > \"${SCRIPT_OUTPUT_FILE_0}\"\n";
			showEnvVarsInLog = 0;
		};
		631382C78E9EC084E0301A81 /* [CP] Embed Pods Frameworks */ = {
			isa = PBXShellScriptBuildPhase;
			buildActionMask = 2147483647;
			files = (
			);
			inputFileListPaths = (
				"${PODS_ROOT}/Target Support Files/Pods-UIKitToDoApp/Pods-UIKitToDoApp-frameworks-${CONFIGURATION}-input-files.xcfilelist",
			);
			name = "[CP] Embed Pods Frameworks";
			outputFileListPaths = (
				"${PODS_ROOT}/Target Support Files/Pods-UIKitToDoApp/Pods-UIKitToDoApp-frameworks-${CONFIGURATION}-output-files.xcfilelist",
			);
			runOnlyForDeploymentPostprocessing = 0;
			shellPath = /bin/sh;
			shellScript = "\"${PODS_ROOT}/Target Support Files/Pods-UIKitToDoApp/Pods-UIKitToDoApp-frameworks.sh\"\n";
			showEnvVarsInLog = 0;
		};
		74277069A62CB64FBBEED607 /* [CP] Check Pods Manifest.lock */ = {
			isa = PBXShellScriptBuildPhase;
			buildActionMask = 2147483647;
			files = (
			);
			inputFileListPaths = (
			);
			inputPaths = (
				"${PODS_PODFILE_DIR_PATH}/Podfile.lock",
				"${PODS_ROOT}/Manifest.lock",
			);
			name = "[CP] Check Pods Manifest.lock";
			outputFileListPaths = (
			);
			outputPaths = (
				"$(DERIVED_FILE_DIR)/Pods-UIKitToDoApp-checkManifestLockResult.txt",
			);
			runOnlyForDeploymentPostprocessing = 0;
			shellPath = /bin/sh;
			shellScript = "diff \"${PODS_PODFILE_DIR_PATH}/Podfile.lock\" \"${PODS_ROOT}/Manifest.lock\" > /dev/null\nif [ $? != 0 ] ; then\n    # print error to STDERR\n    echo \"error: The sandbox is not in sync with the Podfile.lock. Run 'pod install' or update your CocoaPods installation.\" >&2\n    exit 1\nfi\n# This output is used by Xcode 'outputs' to avoid re-running this script phase.\necho \"SUCCESS\" > \"${SCRIPT_OUTPUT_FILE_0}\"\n";
			showEnvVarsInLog = 0;
		};
		D45FEB94D406917417B4AA61 /* [CP] Embed Pods Frameworks */ = {
			isa = PBXShellScriptBuildPhase;
			buildActionMask = 2147483647;
			files = (
			);
			inputFileListPaths = (
				"${PODS_ROOT}/Target Support Files/Pods-UIKitToDoApp-UIKitToDoAppUITests/Pods-UIKitToDoApp-UIKitToDoAppUITests-frameworks-${CONFIGURATION}-input-files.xcfilelist",
			);
			name = "[CP] Embed Pods Frameworks";
			outputFileListPaths = (
				"${PODS_ROOT}/Target Support Files/Pods-UIKitToDoApp-UIKitToDoAppUITests/Pods-UIKitToDoApp-UIKitToDoAppUITests-frameworks-${CONFIGURATION}-output-files.xcfilelist",
			);
			runOnlyForDeploymentPostprocessing = 0;
			shellPath = /bin/sh;
			shellScript = "\"${PODS_ROOT}/Target Support Files/Pods-UIKitToDoApp-UIKitToDoAppUITests/Pods-UIKitToDoApp-UIKitToDoAppUITests-frameworks.sh\"\n";
			showEnvVarsInLog = 0;
		};
/* End PBXShellScriptBuildPhase section */

/* Begin PBXSourcesBuildPhase section */
		ACFE1AE72B7BF700006CD597 /* Sources */ = {
			isa = PBXSourcesBuildPhase;
			buildActionMask = 2147483647;
			files = (
				ACFE1AF32B7BF701006CD597 /* ViewController.swift in Sources */,
				ACFE1B302B7CF697006CD597 /* Extensions.swift in Sources */,
				ACFE1B342B7D04F0006CD597 /* CreateToDoController.swift in Sources */,
				ACFE1B392B7DF666006CD597 /* PostService.swift in Sources */,
				ACFE1AEF2B7BF701006CD597 /* AppDelegate.swift in Sources */,
				ACFE1AF92B7BF701006CD597 /* UIKitToDoApp.xcdatamodeld in Sources */,
				ACFE1AF12B7BF701006CD597 /* SceneDelegate.swift in Sources */,
				ACFE1B282B7CC9FA006CD597 /* ToDoCell.swift in Sources */,
			);
			runOnlyForDeploymentPostprocessing = 0;
		};
		ACFE1B002B7BF705006CD597 /* Sources */ = {
			isa = PBXSourcesBuildPhase;
			buildActionMask = 2147483647;
			files = (
				ACFE1B3A2B7DF666006CD597 /* PostService.swift in Sources */,
				ACFE1B092B7BF705006CD597 /* UIKitToDoAppTests.swift in Sources */,
				ACFE1B312B7CF697006CD597 /* Extensions.swift in Sources */,
				ACFE1B292B7CC9FA006CD597 /* ToDoCell.swift in Sources */,
				ACFE1B352B7D04F0006CD597 /* CreateToDoController.swift in Sources */,
			);
			runOnlyForDeploymentPostprocessing = 0;
		};
		ACFE1B0A2B7BF705006CD597 /* Sources */ = {
			isa = PBXSourcesBuildPhase;
			buildActionMask = 2147483647;
			files = (
				ACFE1B132B7BF705006CD597 /* UIKitToDoAppUITests.swift in Sources */,
				ACFE1B3B2B7DF666006CD597 /* PostService.swift in Sources */,
				ACFE1B362B7D04F0006CD597 /* CreateToDoController.swift in Sources */,
				ACFE1B2A2B7CC9FA006CD597 /* ToDoCell.swift in Sources */,
				ACFE1B152B7BF705006CD597 /* UIKitToDoAppUITestsLaunchTests.swift in Sources */,
				ACFE1B322B7CF697006CD597 /* Extensions.swift in Sources */,
			);
			runOnlyForDeploymentPostprocessing = 0;
		};
/* End PBXSourcesBuildPhase section */

/* Begin PBXTargetDependency section */
		ACFE1B062B7BF705006CD597 /* PBXTargetDependency */ = {
			isa = PBXTargetDependency;
			target = ACFE1AEA2B7BF700006CD597 /* UIKitToDoApp */;
			targetProxy = ACFE1B052B7BF705006CD597 /* PBXContainerItemProxy */;
		};
		ACFE1B102B7BF705006CD597 /* PBXTargetDependency */ = {
			isa = PBXTargetDependency;
			target = ACFE1AEA2B7BF700006CD597 /* UIKitToDoApp */;
			targetProxy = ACFE1B0F2B7BF705006CD597 /* PBXContainerItemProxy */;
		};
/* End PBXTargetDependency section */

/* Begin PBXVariantGroup section */
		ACFE1AF42B7BF701006CD597 /* Main.storyboard */ = {
			isa = PBXVariantGroup;
			children = (
				ACFE1AF52B7BF701006CD597 /* Base */,
			);
			name = Main.storyboard;
			sourceTree = "<group>";
		};
		ACFE1AFC2B7BF705006CD597 /* LaunchScreen.storyboard */ = {
			isa = PBXVariantGroup;
			children = (
				ACFE1AFD2B7BF705006CD597 /* Base */,
			);
			name = LaunchScreen.storyboard;
			sourceTree = "<group>";
		};
/* End PBXVariantGroup section */

/* Begin XCBuildConfiguration section */
		ACFE1B162B7BF705006CD597 /* Debug */ = {
			isa = XCBuildConfiguration;
			buildSettings = {
				ALWAYS_SEARCH_USER_PATHS = NO;
				ASSETCATALOG_COMPILER_GENERATE_SWIFT_ASSET_SYMBOL_EXTENSIONS = YES;
				CLANG_ANALYZER_NONNULL = YES;
				CLANG_ANALYZER_NUMBER_OBJECT_CONVERSION = YES_AGGRESSIVE;
				CLANG_CXX_LANGUAGE_STANDARD = "gnu++20";
				CLANG_ENABLE_MODULES = YES;
				CLANG_ENABLE_OBJC_ARC = YES;
				CLANG_ENABLE_OBJC_WEAK = YES;
				CLANG_WARN_BLOCK_CAPTURE_AUTORELEASING = YES;
				CLANG_WARN_BOOL_CONVERSION = YES;
				CLANG_WARN_COMMA = YES;
				CLANG_WARN_CONSTANT_CONVERSION = YES;
				CLANG_WARN_DEPRECATED_OBJC_IMPLEMENTATIONS = YES;
				CLANG_WARN_DIRECT_OBJC_ISA_USAGE = YES_ERROR;
				CLANG_WARN_DOCUMENTATION_COMMENTS = YES;
				CLANG_WARN_EMPTY_BODY = YES;
				CLANG_WARN_ENUM_CONVERSION = YES;
				CLANG_WARN_INFINITE_RECURSION = YES;
				CLANG_WARN_INT_CONVERSION = YES;
				CLANG_WARN_NON_LITERAL_NULL_CONVERSION = YES;
				CLANG_WARN_OBJC_IMPLICIT_RETAIN_SELF = YES;
				CLANG_WARN_OBJC_LITERAL_CONVERSION = YES;
				CLANG_WARN_OBJC_ROOT_CLASS = YES_ERROR;
				CLANG_WARN_QUOTED_INCLUDE_IN_FRAMEWORK_HEADER = YES;
				CLANG_WARN_RANGE_LOOP_ANALYSIS = YES;
				CLANG_WARN_STRICT_PROTOTYPES = YES;
				CLANG_WARN_SUSPICIOUS_MOVE = YES;
				CLANG_WARN_UNGUARDED_AVAILABILITY = YES_AGGRESSIVE;
				CLANG_WARN_UNREACHABLE_CODE = YES;
				CLANG_WARN__DUPLICATE_METHOD_MATCH = YES;
				COPY_PHASE_STRIP = NO;
				DEBUG_INFORMATION_FORMAT = dwarf;
				ENABLE_STRICT_OBJC_MSGSEND = YES;
				ENABLE_TESTABILITY = YES;
				ENABLE_USER_SCRIPT_SANDBOXING = NO;
				GCC_C_LANGUAGE_STANDARD = gnu17;
				GCC_DYNAMIC_NO_PIC = NO;
				GCC_NO_COMMON_BLOCKS = YES;
				GCC_OPTIMIZATION_LEVEL = 0;
				GCC_PREPROCESSOR_DEFINITIONS = (
					"DEBUG=1",
					"$(inherited)",
				);
				GCC_WARN_64_TO_32_BIT_CONVERSION = YES;
				GCC_WARN_ABOUT_RETURN_TYPE = YES_ERROR;
				GCC_WARN_UNDECLARED_SELECTOR = YES;
				GCC_WARN_UNINITIALIZED_AUTOS = YES_AGGRESSIVE;
				GCC_WARN_UNUSED_FUNCTION = YES;
				GCC_WARN_UNUSED_VARIABLE = YES;
				IPHONEOS_DEPLOYMENT_TARGET = 17.0;
				LOCALIZATION_PREFERS_STRING_CATALOGS = YES;
				MTL_ENABLE_DEBUG_INFO = INCLUDE_SOURCE;
				MTL_FAST_MATH = YES;
				ONLY_ACTIVE_ARCH = YES;
				SDKROOT = iphoneos;
				SWIFT_ACTIVE_COMPILATION_CONDITIONS = "DEBUG $(inherited)";
				SWIFT_OPTIMIZATION_LEVEL = "-Onone";
			};
			name = Debug;
		};
		ACFE1B172B7BF705006CD597 /* Release */ = {
			isa = XCBuildConfiguration;
			buildSettings = {
				ALWAYS_SEARCH_USER_PATHS = NO;
				ASSETCATALOG_COMPILER_GENERATE_SWIFT_ASSET_SYMBOL_EXTENSIONS = YES;
				CLANG_ANALYZER_NONNULL = YES;
				CLANG_ANALYZER_NUMBER_OBJECT_CONVERSION = YES_AGGRESSIVE;
				CLANG_CXX_LANGUAGE_STANDARD = "gnu++20";
				CLANG_ENABLE_MODULES = YES;
				CLANG_ENABLE_OBJC_ARC = YES;
				CLANG_ENABLE_OBJC_WEAK = YES;
				CLANG_WARN_BLOCK_CAPTURE_AUTORELEASING = YES;
				CLANG_WARN_BOOL_CONVERSION = YES;
				CLANG_WARN_COMMA = YES;
				CLANG_WARN_CONSTANT_CONVERSION = YES;
				CLANG_WARN_DEPRECATED_OBJC_IMPLEMENTATIONS = YES;
				CLANG_WARN_DIRECT_OBJC_ISA_USAGE = YES_ERROR;
				CLANG_WARN_DOCUMENTATION_COMMENTS = YES;
				CLANG_WARN_EMPTY_BODY = YES;
				CLANG_WARN_ENUM_CONVERSION = YES;
				CLANG_WARN_INFINITE_RECURSION = YES;
				CLANG_WARN_INT_CONVERSION = YES;
				CLANG_WARN_NON_LITERAL_NULL_CONVERSION = YES;
				CLANG_WARN_OBJC_IMPLICIT_RETAIN_SELF = YES;
				CLANG_WARN_OBJC_LITERAL_CONVERSION = YES;
				CLANG_WARN_OBJC_ROOT_CLASS = YES_ERROR;
				CLANG_WARN_QUOTED_INCLUDE_IN_FRAMEWORK_HEADER = YES;
				CLANG_WARN_RANGE_LOOP_ANALYSIS = YES;
				CLANG_WARN_STRICT_PROTOTYPES = YES;
				CLANG_WARN_SUSPICIOUS_MOVE = YES;
				CLANG_WARN_UNGUARDED_AVAILABILITY = YES_AGGRESSIVE;
				CLANG_WARN_UNREACHABLE_CODE = YES;
				CLANG_WARN__DUPLICATE_METHOD_MATCH = YES;
				COPY_PHASE_STRIP = NO;
				DEBUG_INFORMATION_FORMAT = "dwarf-with-dsym";
				ENABLE_NS_ASSERTIONS = NO;
				ENABLE_STRICT_OBJC_MSGSEND = YES;
				ENABLE_USER_SCRIPT_SANDBOXING = NO;
				GCC_C_LANGUAGE_STANDARD = gnu17;
				GCC_NO_COMMON_BLOCKS = YES;
				GCC_WARN_64_TO_32_BIT_CONVERSION = YES;
				GCC_WARN_ABOUT_RETURN_TYPE = YES_ERROR;
				GCC_WARN_UNDECLARED_SELECTOR = YES;
				GCC_WARN_UNINITIALIZED_AUTOS = YES_AGGRESSIVE;
				GCC_WARN_UNUSED_FUNCTION = YES;
				GCC_WARN_UNUSED_VARIABLE = YES;
				IPHONEOS_DEPLOYMENT_TARGET = 17.0;
				LOCALIZATION_PREFERS_STRING_CATALOGS = YES;
				MTL_ENABLE_DEBUG_INFO = NO;
				MTL_FAST_MATH = YES;
				SDKROOT = iphoneos;
				SWIFT_COMPILATION_MODE = wholemodule;
				VALIDATE_PRODUCT = YES;
			};
			name = Release;
		};
		ACFE1B192B7BF705006CD597 /* Debug */ = {
			isa = XCBuildConfiguration;
			baseConfigurationReference = A887FCF6DFD4E134541822F7 /* Pods-UIKitToDoApp.debug.xcconfig */;
			buildSettings = {
				ASSETCATALOG_COMPILER_APPICON_NAME = AppIcon;
				ASSETCATALOG_COMPILER_GLOBAL_ACCENT_COLOR_NAME = AccentColor;
				CODE_SIGN_STYLE = Automatic;
				CURRENT_PROJECT_VERSION = 1;
				DEVELOPMENT_TEAM = 3WL53CAG23;
				ENABLE_USER_SCRIPT_SANDBOXING = NO;
				GENERATE_INFOPLIST_FILE = YES;
				INFOPLIST_FILE = UIKitToDoApp/Info.plist;
				INFOPLIST_KEY_UIApplicationSupportsIndirectInputEvents = YES;
				INFOPLIST_KEY_UILaunchStoryboardName = LaunchScreen;
				INFOPLIST_KEY_UIMainStoryboardFile = Main;
				INFOPLIST_KEY_UISupportedInterfaceOrientations_iPad = "UIInterfaceOrientationPortrait UIInterfaceOrientationPortraitUpsideDown UIInterfaceOrientationLandscapeLeft UIInterfaceOrientationLandscapeRight";
				INFOPLIST_KEY_UISupportedInterfaceOrientations_iPhone = "UIInterfaceOrientationPortrait UIInterfaceOrientationLandscapeLeft UIInterfaceOrientationLandscapeRight";
				LD_RUNPATH_SEARCH_PATHS = (
					"$(inherited)",
					"@executable_path/Frameworks",
				);
				MARKETING_VERSION = 1.0;
				PRODUCT_BUNDLE_IDENTIFIER = Nat.UIKitToDoApp;
				PRODUCT_NAME = "$(TARGET_NAME)";
				SWIFT_EMIT_LOC_STRINGS = YES;
				SWIFT_VERSION = 5.0;
				TARGETED_DEVICE_FAMILY = "1,2";
			};
			name = Debug;
		};
		ACFE1B1A2B7BF705006CD597 /* Release */ = {
			isa = XCBuildConfiguration;
			baseConfigurationReference = BAB4F0E1B94940A4BAC0AC44 /* Pods-UIKitToDoApp.release.xcconfig */;
			buildSettings = {
				ASSETCATALOG_COMPILER_APPICON_NAME = AppIcon;
				ASSETCATALOG_COMPILER_GLOBAL_ACCENT_COLOR_NAME = AccentColor;
				CODE_SIGN_STYLE = Automatic;
				CURRENT_PROJECT_VERSION = 1;
				DEVELOPMENT_TEAM = 3WL53CAG23;
				ENABLE_USER_SCRIPT_SANDBOXING = NO;
				GENERATE_INFOPLIST_FILE = YES;
				INFOPLIST_FILE = UIKitToDoApp/Info.plist;
				INFOPLIST_KEY_UIApplicationSupportsIndirectInputEvents = YES;
				INFOPLIST_KEY_UILaunchStoryboardName = LaunchScreen;
				INFOPLIST_KEY_UIMainStoryboardFile = Main;
				INFOPLIST_KEY_UISupportedInterfaceOrientations_iPad = "UIInterfaceOrientationPortrait UIInterfaceOrientationPortraitUpsideDown UIInterfaceOrientationLandscapeLeft UIInterfaceOrientationLandscapeRight";
				INFOPLIST_KEY_UISupportedInterfaceOrientations_iPhone = "UIInterfaceOrientationPortrait UIInterfaceOrientationLandscapeLeft UIInterfaceOrientationLandscapeRight";
				LD_RUNPATH_SEARCH_PATHS = (
					"$(inherited)",
					"@executable_path/Frameworks",
				);
				MARKETING_VERSION = 1.0;
				PRODUCT_BUNDLE_IDENTIFIER = Nat.UIKitToDoApp;
				PRODUCT_NAME = "$(TARGET_NAME)";
				SWIFT_EMIT_LOC_STRINGS = YES;
				SWIFT_VERSION = 5.0;
				TARGETED_DEVICE_FAMILY = "1,2";
			};
			name = Release;
		};
		ACFE1B1C2B7BF705006CD597 /* Debug */ = {
			isa = XCBuildConfiguration;
			baseConfigurationReference = D0456BFE50EC87A4AFFA2348 /* Pods-UIKitToDoAppTests.debug.xcconfig */;
			buildSettings = {
				ALWAYS_EMBED_SWIFT_STANDARD_LIBRARIES = YES;
				BUNDLE_LOADER = "$(TEST_HOST)";
				CODE_SIGN_STYLE = Automatic;
				CURRENT_PROJECT_VERSION = 1;
				DEVELOPMENT_TEAM = 3WL53CAG23;
				GENERATE_INFOPLIST_FILE = YES;
				IPHONEOS_DEPLOYMENT_TARGET = 17.0;
				MARKETING_VERSION = 1.0;
				PRODUCT_BUNDLE_IDENTIFIER = Nat.UIKitToDoAppTests;
				PRODUCT_NAME = "$(TARGET_NAME)";
				SWIFT_EMIT_LOC_STRINGS = NO;
				SWIFT_VERSION = 5.0;
				TARGETED_DEVICE_FAMILY = "1,2";
				TEST_HOST = "$(BUILT_PRODUCTS_DIR)/UIKitToDoApp.app/$(BUNDLE_EXECUTABLE_FOLDER_PATH)/UIKitToDoApp";
			};
			name = Debug;
		};
		ACFE1B1D2B7BF705006CD597 /* Release */ = {
			isa = XCBuildConfiguration;
			baseConfigurationReference = A7BCC7017ABAB68CFF0BA6B1 /* Pods-UIKitToDoAppTests.release.xcconfig */;
			buildSettings = {
				ALWAYS_EMBED_SWIFT_STANDARD_LIBRARIES = YES;
				BUNDLE_LOADER = "$(TEST_HOST)";
				CODE_SIGN_STYLE = Automatic;
				CURRENT_PROJECT_VERSION = 1;
				DEVELOPMENT_TEAM = 3WL53CAG23;
				GENERATE_INFOPLIST_FILE = YES;
				IPHONEOS_DEPLOYMENT_TARGET = 17.0;
				MARKETING_VERSION = 1.0;
				PRODUCT_BUNDLE_IDENTIFIER = Nat.UIKitToDoAppTests;
				PRODUCT_NAME = "$(TARGET_NAME)";
				SWIFT_EMIT_LOC_STRINGS = NO;
				SWIFT_VERSION = 5.0;
				TARGETED_DEVICE_FAMILY = "1,2";
				TEST_HOST = "$(BUILT_PRODUCTS_DIR)/UIKitToDoApp.app/$(BUNDLE_EXECUTABLE_FOLDER_PATH)/UIKitToDoApp";
			};
			name = Release;
		};
		ACFE1B1F2B7BF705006CD597 /* Debug */ = {
			isa = XCBuildConfiguration;
			baseConfigurationReference = 20DCDDFAB1BD0B4F21467BF4 /* Pods-UIKitToDoApp-UIKitToDoAppUITests.debug.xcconfig */;
			buildSettings = {
				ALWAYS_EMBED_SWIFT_STANDARD_LIBRARIES = YES;
				CODE_SIGN_STYLE = Automatic;
				CURRENT_PROJECT_VERSION = 1;
				DEVELOPMENT_TEAM = 3WL53CAG23;
				GENERATE_INFOPLIST_FILE = YES;
				MARKETING_VERSION = 1.0;
				PRODUCT_BUNDLE_IDENTIFIER = Nat.UIKitToDoAppUITests;
				PRODUCT_NAME = "$(TARGET_NAME)";
				SWIFT_EMIT_LOC_STRINGS = NO;
				SWIFT_VERSION = 5.0;
				TARGETED_DEVICE_FAMILY = "1,2";
				TEST_TARGET_NAME = UIKitToDoApp;
			};
			name = Debug;
		};
		ACFE1B202B7BF705006CD597 /* Release */ = {
			isa = XCBuildConfiguration;
			baseConfigurationReference = 6C38D9AC6491220C8D59E5C4 /* Pods-UIKitToDoApp-UIKitToDoAppUITests.release.xcconfig */;
			buildSettings = {
				ALWAYS_EMBED_SWIFT_STANDARD_LIBRARIES = YES;
				CODE_SIGN_STYLE = Automatic;
				CURRENT_PROJECT_VERSION = 1;
				DEVELOPMENT_TEAM = 3WL53CAG23;
				GENERATE_INFOPLIST_FILE = YES;
				MARKETING_VERSION = 1.0;
				PRODUCT_BUNDLE_IDENTIFIER = Nat.UIKitToDoAppUITests;
				PRODUCT_NAME = "$(TARGET_NAME)";
				SWIFT_EMIT_LOC_STRINGS = NO;
				SWIFT_VERSION = 5.0;
				TARGETED_DEVICE_FAMILY = "1,2";
				TEST_TARGET_NAME = UIKitToDoApp;
			};
			name = Release;
		};
/* End XCBuildConfiguration section */

/* Begin XCConfigurationList section */
		ACFE1AE62B7BF700006CD597 /* Build configuration list for PBXProject "UIKitToDoApp" */ = {
			isa = XCConfigurationList;
			buildConfigurations = (
				ACFE1B162B7BF705006CD597 /* Debug */,
				ACFE1B172B7BF705006CD597 /* Release */,
			);
			defaultConfigurationIsVisible = 0;
			defaultConfigurationName = Release;
		};
		ACFE1B182B7BF705006CD597 /* Build configuration list for PBXNativeTarget "UIKitToDoApp" */ = {
			isa = XCConfigurationList;
			buildConfigurations = (
				ACFE1B192B7BF705006CD597 /* Debug */,
				ACFE1B1A2B7BF705006CD597 /* Release */,
			);
			defaultConfigurationIsVisible = 0;
			defaultConfigurationName = Release;
		};
		ACFE1B1B2B7BF705006CD597 /* Build configuration list for PBXNativeTarget "UIKitToDoAppTests" */ = {
			isa = XCConfigurationList;
			buildConfigurations = (
				ACFE1B1C2B7BF705006CD597 /* Debug */,
				ACFE1B1D2B7BF705006CD597 /* Release */,
			);
			defaultConfigurationIsVisible = 0;
			defaultConfigurationName = Release;
		};
		ACFE1B1E2B7BF705006CD597 /* Build configuration list for PBXNativeTarget "UIKitToDoAppUITests" */ = {
			isa = XCConfigurationList;
			buildConfigurations = (
				ACFE1B1F2B7BF705006CD597 /* Debug */,
				ACFE1B202B7BF705006CD597 /* Release */,
			);
			defaultConfigurationIsVisible = 0;
			defaultConfigurationName = Release;
		};
/* End XCConfigurationList section */

/* Begin XCRemoteSwiftPackageReference section */
		ACFE1B252B7CB7AE006CD597 /* XCRemoteSwiftPackageReference "GoogleSignIn-iOS" */ = {
			isa = XCRemoteSwiftPackageReference;
			repositoryURL = "https://github.com/google/GoogleSignIn-iOS";
			requirement = {
				kind = upToNextMajorVersion;
				minimumVersion = 7.0.0;
			};
		};
		ACFE1B262B7CB977006CD597 /* XCRemoteSwiftPackageReference "firebase-ios-sdk" */ = {
			isa = XCRemoteSwiftPackageReference;
			repositoryURL = "https://github.com/firebase/firebase-ios-sdk";
			requirement = {
				kind = upToNextMajorVersion;
				minimumVersion = 10.21.0;
			};
		};
/* End XCRemoteSwiftPackageReference section */

/* Begin XCVersionGroup section */
		ACFE1AF72B7BF701006CD597 /* UIKitToDoApp.xcdatamodeld */ = {
			isa = XCVersionGroup;
			children = (
				ACFE1AF82B7BF701006CD597 /* UIKitToDoApp.xcdatamodel */,
			);
			currentVersion = ACFE1AF82B7BF701006CD597 /* UIKitToDoApp.xcdatamodel */;
			path = UIKitToDoApp.xcdatamodeld;
			sourceTree = "<group>";
			versionGroupType = wrapper.xcdatamodel;
		};
/* End XCVersionGroup section */
	};
	rootObject = ACFE1AE32B7BF700006CD597 /* Project object */;
}
